{
  "name": "wogglebug-bot",
  "version": "1.0.0",
  "lockfileVersion": 3,
  "requires": true,
  "packages": {
    "": {
      "name": "wogglebug-bot",
      "version": "1.0.0",
      "license": "MIT",
      "devDependencies": {
        "@types/google-apps-script": "^1.0.86",
        "@types/google-apps-script-oauth2": "^43.0.0"
      }
    },
    "node_modules/@types/google-apps-script": {
      "version": "1.0.86",
      "resolved": "https://registry.npmjs.org/@types/google-apps-script/-/google-apps-script-1.0.86.tgz",
      "integrity": "sha512-w0tLty8vpApjIp+czorfcoY9k1nZSdQsg6lru3ZV6EWdNyXNsetIZPQnvBIihENAhcGwlogiDKx8z/57NYB3jA==",
      "dev": true,
      "license": "MIT"
    },
    "node_modules/@types/google-apps-script-oauth2": {
      "version": "43.0.0",
      "resolved": "https://registry.npmjs.org/@types/google-apps-script-oauth2/-/google-apps-script-oauth2-43.0.0.tgz",
      "integrity": "sha512-n2d/X6CFFgFvwy3jwa/lpj4Yxag3T8wdYBijkh2hq2DJmHSry6YsJuwXlvd67i19k6wKijOXnIv9UdXtwvH03w==",
      "dev": true,
      "license": "MIT",
      "dependencies": {
        "@types/google-apps-script": "*"
      }
    }
  }
}
